// !$*UTF8*$!
{
	archiveVersion = 1;
	classes = {
	};
	objectVersion = 46;
	objects = {

/* Begin PBXBuildFile section */
		1A057B6E1495400F0069D7AD /* NewViewController.m in Sources */ = {isa = PBXBuildFile; fileRef = 1A057B6D1495400F0069D7AD /* NewViewController.m */; };
		1A057B7A149547F20069D7AD /* ButtonMenu.png in Resources */ = {isa = PBXBuildFile; fileRef = 1A057B78149547F10069D7AD /* ButtonMenu.png */; };
		1A057B7B149547F20069D7AD /* ButtonMenu@2x.png in Resources */ = {isa = PBXBuildFile; fileRef = 1A057B79149547F10069D7AD /* ButtonMenu@2x.png */; };
		1A0883FC14D6FEB500628D99 /* QuartzCore.framework in Frameworks */ = {isa = PBXBuildFile; fileRef = 1A0883FB14D6FEB500628D99 /* QuartzCore.framework */; };
		1A617E8D148FC4A6005EC465 /* UIKit.framework in Frameworks */ = {isa = PBXBuildFile; fileRef = 1AD4708514446391002EE1B0 /* UIKit.framework */; };
		1A617E8E148FC4A6005EC465 /* Foundation.framework in Frameworks */ = {isa = PBXBuildFile; fileRef = 1AD4708714446391002EE1B0 /* Foundation.framework */; };
		1A617E8F148FC4A6005EC465 /* CoreGraphics.framework in Frameworks */ = {isa = PBXBuildFile; fileRef = 1AD4708914446392002EE1B0 /* CoreGraphics.framework */; };
		1A617E95148FC4A7005EC465 /* InfoPlist.strings in Resources */ = {isa = PBXBuildFile; fileRef = 1A617E93148FC4A7005EC465 /* InfoPlist.strings */; };
		1A617E97148FC4A7005EC465 /* main.m in Sources */ = {isa = PBXBuildFile; fileRef = 1A617E96148FC4A7005EC465 /* main.m */; };
		1A617E9B148FC4A7005EC465 /* AppDelegate.m in Sources */ = {isa = PBXBuildFile; fileRef = 1A617E9A148FC4A7005EC465 /* AppDelegate.m */; };
		1A617EA2148FC4A7005EC465 /* SenTestingKit.framework in Frameworks */ = {isa = PBXBuildFile; fileRef = 1AD470A614446392002EE1B0 /* SenTestingKit.framework */; };
		1A617EA3148FC4A7005EC465 /* UIKit.framework in Frameworks */ = {isa = PBXBuildFile; fileRef = 1AD4708514446391002EE1B0 /* UIKit.framework */; };
		1A617EA4148FC4A7005EC465 /* Foundation.framework in Frameworks */ = {isa = PBXBuildFile; fileRef = 1AD4708714446391002EE1B0 /* Foundation.framework */; };
		1A617EAC148FC4A7005EC465 /* InfoPlist.strings in Resources */ = {isa = PBXBuildFile; fileRef = 1A617EAA148FC4A7005EC465 /* InfoPlist.strings */; };
		1A617EAF148FC4A7005EC465 /* JTRevealSidebarDemoV2Tests.m in Sources */ = {isa = PBXBuildFile; fileRef = 1A617EAE148FC4A7005EC465 /* JTRevealSidebarDemoV2Tests.m */; };
		1A617EB9148FC4DB005EC465 /* ViewController.m in Sources */ = {isa = PBXBuildFile; fileRef = 1A617EB8148FC4DB005EC465 /* ViewController.m */; };
		1A81A5D814951CEF00BF03B8 /* SidebarViewController.m in Sources */ = {isa = PBXBuildFile; fileRef = 1A81A5D714951CEE00BF03B8 /* SidebarViewController.m */; };
		1AD4708614446391002EE1B0 /* UIKit.framework in Frameworks */ = {isa = PBXBuildFile; fileRef = 1AD4708514446391002EE1B0 /* UIKit.framework */; };
		1AD4708814446392002EE1B0 /* Foundation.framework in Frameworks */ = {isa = PBXBuildFile; fileRef = 1AD4708714446391002EE1B0 /* Foundation.framework */; };
		1AD4708A14446392002EE1B0 /* CoreGraphics.framework in Frameworks */ = {isa = PBXBuildFile; fileRef = 1AD4708914446392002EE1B0 /* CoreGraphics.framework */; };
		1AD4709014446392002EE1B0 /* InfoPlist.strings in Resources */ = {isa = PBXBuildFile; fileRef = 1AD4708E14446392002EE1B0 /* InfoPlist.strings */; };
		1AD4709214446392002EE1B0 /* main.m in Sources */ = {isa = PBXBuildFile; fileRef = 1AD4709114446392002EE1B0 /* main.m */; };
		1AD4709614446392002EE1B0 /* AppDelegate.m in Sources */ = {isa = PBXBuildFile; fileRef = 1AD4709514446392002EE1B0 /* AppDelegate.m */; };
		1AD4709914446392002EE1B0 /* ViewController.m in Sources */ = {isa = PBXBuildFile; fileRef = 1AD4709814446392002EE1B0 /* ViewController.m */; };
		1AD4709C14446392002EE1B0 /* ViewController_iPhone.xib in Resources */ = {isa = PBXBuildFile; fileRef = 1AD4709A14446392002EE1B0 /* ViewController_iPhone.xib */; };
		1AD4709F14446392002EE1B0 /* ViewController_iPad.xib in Resources */ = {isa = PBXBuildFile; fileRef = 1AD4709D14446392002EE1B0 /* ViewController_iPad.xib */; };
		1AD470A714446392002EE1B0 /* SenTestingKit.framework in Frameworks */ = {isa = PBXBuildFile; fileRef = 1AD470A614446392002EE1B0 /* SenTestingKit.framework */; };
		1AD470A814446392002EE1B0 /* UIKit.framework in Frameworks */ = {isa = PBXBuildFile; fileRef = 1AD4708514446391002EE1B0 /* UIKit.framework */; };
		1AD470A914446392002EE1B0 /* Foundation.framework in Frameworks */ = {isa = PBXBuildFile; fileRef = 1AD4708714446391002EE1B0 /* Foundation.framework */; };
		1AD470B114446392002EE1B0 /* InfoPlist.strings in Resources */ = {isa = PBXBuildFile; fileRef = 1AD470AF14446392002EE1B0 /* InfoPlist.strings */; };
		1AD470B414446392002EE1B0 /* JTRevealSidebarDemoTests.m in Sources */ = {isa = PBXBuildFile; fileRef = 1AD470B314446392002EE1B0 /* JTRevealSidebarDemoTests.m */; };
		37E67F211591080200043822 /* Foundation.framework in Frameworks */ = {isa = PBXBuildFile; fileRef = 1AD4708714446391002EE1B0 /* Foundation.framework */; };
		37E67F2B1591086200043822 /* UINavigationItem+JTRevealSidebarV2.m in Sources */ = {isa = PBXBuildFile; fileRef = 1A617EC0148FC612005EC465 /* UINavigationItem+JTRevealSidebarV2.m */; };
		37E67F2C1591086200043822 /* UIViewController+JTRevealSidebarV2.m in Sources */ = {isa = PBXBuildFile; fileRef = 1A617EC3148FC706005EC465 /* UIViewController+JTRevealSidebarV2.m */; };
		37E67F2D1591088A00043822 /* JTRevealSidebarV2Delegate.h in Headers */ = {isa = PBXBuildFile; fileRef = 1A617EBB148FC5B4005EC465 /* JTRevealSidebarV2Delegate.h */; settings = {ATTRIBUTES = (Public, ); }; };
		37E67F2E1591088A00043822 /* UINavigationItem+JTRevealSidebarV2.h in Headers */ = {isa = PBXBuildFile; fileRef = 1A617EBF148FC612005EC465 /* UINavigationItem+JTRevealSidebarV2.h */; settings = {ATTRIBUTES = (Public, ); }; };
		37E67F2F1591088A00043822 /* UIViewController+JTRevealSidebarV2.h in Headers */ = {isa = PBXBuildFile; fileRef = 1A617EC2148FC706005EC465 /* UIViewController+JTRevealSidebarV2.h */; settings = {ATTRIBUTES = (Public, ); }; };
		37E67F30159108A900043822 /* libJTRevealSidebarV2.a in Frameworks */ = {isa = PBXBuildFile; fileRef = 37E67F201591080200043822 /* libJTRevealSidebarV2.a */; };
		37E67F38159109C500043822 /* Foundation.framework in Frameworks */ = {isa = PBXBuildFile; fileRef = 1AD4708714446391002EE1B0 /* Foundation.framework */; };
		37E67F4215910A0600043822 /* JTRevealSidebarView.m in Sources */ = {isa = PBXBuildFile; fileRef = 1AD470BF144463B4002EE1B0 /* JTRevealSidebarView.m */; };
		37E67F4315910A0600043822 /* JTNavigationView.m in Sources */ = {isa = PBXBuildFile; fileRef = 1A89988C1445FBDB001C5FFB /* JTNavigationView.m */; };
		37E67F4415910A0600043822 /* JTNavigationBar.m in Sources */ = {isa = PBXBuildFile; fileRef = 1ACADFF9145720F4000F5E15 /* JTNavigationBar.m */; };
		37E67F4515910A0600043822 /* JTTableViewDatasource.m in Sources */ = {isa = PBXBuildFile; fileRef = 1AE7FCB3144F43020050B97E /* JTTableViewDatasource.m */; };
		37E67F4615910A0600043822 /* JTTableViewCellFactory.m in Sources */ = {isa = PBXBuildFile; fileRef = 1AE7FCB7144F461C0050B97E /* JTTableViewCellFactory.m */; };
		37E67F4715910A0600043822 /* JTTableViewCellModal.m in Sources */ = {isa = PBXBuildFile; fileRef = 1AE7FCBA144F4BAD0050B97E /* JTTableViewCellModal.m */; };
		37E67F4815910A0F00043822 /* libJTRevealSidebar.a in Frameworks */ = {isa = PBXBuildFile; fileRef = 37E67F37159109C500043822 /* libJTRevealSidebar.a */; };
		37E67F4B15910A3800043822 /* JTRevealSidebarView.h in Headers */ = {isa = PBXBuildFile; fileRef = 1AD470BE144463B4002EE1B0 /* JTRevealSidebarView.h */; settings = {ATTRIBUTES = (Public, ); }; };
		37E67F4C15910A3800043822 /* JTNavigationView.h in Headers */ = {isa = PBXBuildFile; fileRef = 1A89988B1445FBDB001C5FFB /* JTNavigationView.h */; settings = {ATTRIBUTES = (Public, ); }; };
		37E67F4D15910A3800043822 /* JTNavigationBar.h in Headers */ = {isa = PBXBuildFile; fileRef = 1ACADFF8145720F4000F5E15 /* JTNavigationBar.h */; settings = {ATTRIBUTES = (Public, ); }; };
		37E67F4E15910A3800043822 /* JTTableViewDatasource.h in Headers */ = {isa = PBXBuildFile; fileRef = 1AE7FCB2144F43020050B97E /* JTTableViewDatasource.h */; settings = {ATTRIBUTES = (Public, ); }; };
		37E67F4F15910A3800043822 /* JTTableViewCellFactory.h in Headers */ = {isa = PBXBuildFile; fileRef = 1AE7FCB6144F461C0050B97E /* JTTableViewCellFactory.h */; settings = {ATTRIBUTES = (Public, ); }; };
		37E67F5015910A3800043822 /* JTTableViewCellModal.h in Headers */ = {isa = PBXBuildFile; fileRef = 1AE7FCB9144F4BAD0050B97E /* JTTableViewCellModal.h */; settings = {ATTRIBUTES = (Public, ); }; };
		37E67F5115910A8800043822 /* UIKit.framework in Frameworks */ = {isa = PBXBuildFile; fileRef = 1AD4708514446391002EE1B0 /* UIKit.framework */; };
		37E67F5215910AE200043822 /* CoreGraphics.framework in Frameworks */ = {isa = PBXBuildFile; fileRef = 1AD4708914446392002EE1B0 /* CoreGraphics.framework */; };
		37E67F5415910B6E00043822 /* JTRevealSidebar-Prefix.pch in Headers */ = {isa = PBXBuildFile; fileRef = 37E67F5315910B6E00043822 /* JTRevealSidebar-Prefix.pch */; };
/* End PBXBuildFile section */

/* Begin PBXContainerItemProxy section */
		1A617EA5148FC4A7005EC465 /* PBXContainerItemProxy */ = {
			isa = PBXContainerItemProxy;
			containerPortal = 1AD4707814446391002EE1B0 /* Project object */;
			proxyType = 1;
			remoteGlobalIDString = 1A617E8A148FC4A6005EC465;
			remoteInfo = JTRevealSidebarDemoV2;
		};
		1AD470AA14446392002EE1B0 /* PBXContainerItemProxy */ = {
			isa = PBXContainerItemProxy;
			containerPortal = 1AD4707814446391002EE1B0 /* Project object */;
			proxyType = 1;
			remoteGlobalIDString = 1AD4708014446391002EE1B0;
			remoteInfo = JTRevealSidebarDemo;
		};
		37E67F311591094900043822 /* PBXContainerItemProxy */ = {
			isa = PBXContainerItemProxy;
			containerPortal = 1AD4707814446391002EE1B0 /* Project object */;
			proxyType = 1;
			remoteGlobalIDString = 37E67F1F1591080200043822;
			remoteInfo = JTRevealSidebarV2;
		};
		37E67F4915910A1300043822 /* PBXContainerItemProxy */ = {
			isa = PBXContainerItemProxy;
			containerPortal = 1AD4707814446391002EE1B0 /* Project object */;
			proxyType = 1;
			remoteGlobalIDString = 37E67F36159109C500043822;
			remoteInfo = JTRevealSidebar;
		};
/* End PBXContainerItemProxy section */

/* Begin PBXFileReference section */
		1A057B6C1495400F0069D7AD /* NewViewController.h */ = {isa = PBXFileReference; fileEncoding = 4; lastKnownFileType = sourcecode.c.h; path = NewViewController.h; sourceTree = "<group>"; };
		1A057B6D1495400F0069D7AD /* NewViewController.m */ = {isa = PBXFileReference; fileEncoding = 4; lastKnownFileType = sourcecode.c.objc; path = NewViewController.m; sourceTree = "<group>"; };
		1A057B78149547F10069D7AD /* ButtonMenu.png */ = {isa = PBXFileReference; lastKnownFileType = image.png; path = ButtonMenu.png; sourceTree = "<group>"; };
		1A057B79149547F10069D7AD /* ButtonMenu@2x.png */ = {isa = PBXFileReference; lastKnownFileType = image.png; path = "ButtonMenu@2x.png"; sourceTree = "<group>"; };
		1A0883FB14D6FEB500628D99 /* QuartzCore.framework */ = {isa = PBXFileReference; lastKnownFileType = wrapper.framework; name = QuartzCore.framework; path = System/Library/Frameworks/QuartzCore.framework; sourceTree = SDKROOT; };
		1A617E8B148FC4A6005EC465 /* JTRevealSidebarDemoV2.app */ = {isa = PBXFileReference; explicitFileType = wrapper.application; includeInIndex = 0; path = JTRevealSidebarDemoV2.app; sourceTree = BUILT_PRODUCTS_DIR; };
		1A617E92148FC4A7005EC465 /* JTRevealSidebarDemoV2-Info.plist */ = {isa = PBXFileReference; lastKnownFileType = text.plist.xml; path = "JTRevealSidebarDemoV2-Info.plist"; sourceTree = "<group>"; };
		1A617E94148FC4A7005EC465 /* en */ = {isa = PBXFileReference; lastKnownFileType = text.plist.strings; name = en; path = en.lproj/InfoPlist.strings; sourceTree = "<group>"; };
		1A617E96148FC4A7005EC465 /* main.m */ = {isa = PBXFileReference; lastKnownFileType = sourcecode.c.objc; path = main.m; sourceTree = "<group>"; };
		1A617E98148FC4A7005EC465 /* JTRevealSidebarDemoV2-Prefix.pch */ = {isa = PBXFileReference; lastKnownFileType = sourcecode.c.h; path = "JTRevealSidebarDemoV2-Prefix.pch"; sourceTree = "<group>"; };
		1A617E99148FC4A7005EC465 /* AppDelegate.h */ = {isa = PBXFileReference; lastKnownFileType = sourcecode.c.h; path = AppDelegate.h; sourceTree = "<group>"; };
		1A617E9A148FC4A7005EC465 /* AppDelegate.m */ = {isa = PBXFileReference; lastKnownFileType = sourcecode.c.objc; path = AppDelegate.m; sourceTree = "<group>"; };
		1A617EA1148FC4A7005EC465 /* JTRevealSidebarDemoV2Tests.octest */ = {isa = PBXFileReference; explicitFileType = wrapper.cfbundle; includeInIndex = 0; path = JTRevealSidebarDemoV2Tests.octest; sourceTree = BUILT_PRODUCTS_DIR; };
		1A617EA9148FC4A7005EC465 /* JTRevealSidebarDemoV2Tests-Info.plist */ = {isa = PBXFileReference; lastKnownFileType = text.plist.xml; path = "JTRevealSidebarDemoV2Tests-Info.plist"; sourceTree = "<group>"; };
		1A617EAB148FC4A7005EC465 /* en */ = {isa = PBXFileReference; lastKnownFileType = text.plist.strings; name = en; path = en.lproj/InfoPlist.strings; sourceTree = "<group>"; };
		1A617EAD148FC4A7005EC465 /* JTRevealSidebarDemoV2Tests.h */ = {isa = PBXFileReference; lastKnownFileType = sourcecode.c.h; path = JTRevealSidebarDemoV2Tests.h; sourceTree = "<group>"; };
		1A617EAE148FC4A7005EC465 /* JTRevealSidebarDemoV2Tests.m */ = {isa = PBXFileReference; lastKnownFileType = sourcecode.c.objc; path = JTRevealSidebarDemoV2Tests.m; sourceTree = "<group>"; };
		1A617EB7148FC4DB005EC465 /* ViewController.h */ = {isa = PBXFileReference; fileEncoding = 4; lastKnownFileType = sourcecode.c.h; path = ViewController.h; sourceTree = "<group>"; };
		1A617EB8148FC4DB005EC465 /* ViewController.m */ = {isa = PBXFileReference; fileEncoding = 4; lastKnownFileType = sourcecode.c.objc; path = ViewController.m; sourceTree = "<group>"; };
		1A617EBB148FC5B4005EC465 /* JTRevealSidebarV2Delegate.h */ = {isa = PBXFileReference; fileEncoding = 4; lastKnownFileType = sourcecode.c.h; path = JTRevealSidebarV2Delegate.h; sourceTree = "<group>"; };
		1A617EBF148FC612005EC465 /* UINavigationItem+JTRevealSidebarV2.h */ = {isa = PBXFileReference; fileEncoding = 4; lastKnownFileType = sourcecode.c.h; path = "UINavigationItem+JTRevealSidebarV2.h"; sourceTree = "<group>"; };
		1A617EC0148FC612005EC465 /* UINavigationItem+JTRevealSidebarV2.m */ = {isa = PBXFileReference; fileEncoding = 4; lastKnownFileType = sourcecode.c.objc; path = "UINavigationItem+JTRevealSidebarV2.m"; sourceTree = "<group>"; };
		1A617EC2148FC706005EC465 /* UIViewController+JTRevealSidebarV2.h */ = {isa = PBXFileReference; fileEncoding = 4; lastKnownFileType = sourcecode.c.h; path = "UIViewController+JTRevealSidebarV2.h"; sourceTree = "<group>"; };
		1A617EC3148FC706005EC465 /* UIViewController+JTRevealSidebarV2.m */ = {isa = PBXFileReference; fileEncoding = 4; lastKnownFileType = sourcecode.c.objc; path = "UIViewController+JTRevealSidebarV2.m"; sourceTree = "<group>"; };
		1A81A5D614951CEE00BF03B8 /* SidebarViewController.h */ = {isa = PBXFileReference; fileEncoding = 4; lastKnownFileType = sourcecode.c.h; path = SidebarViewController.h; sourceTree = "<group>"; };
		1A81A5D714951CEE00BF03B8 /* SidebarViewController.m */ = {isa = PBXFileReference; fileEncoding = 4; lastKnownFileType = sourcecode.c.objc; path = SidebarViewController.m; sourceTree = "<group>"; };
		1A89988B1445FBDB001C5FFB /* JTNavigationView.h */ = {isa = PBXFileReference; fileEncoding = 4; lastKnownFileType = sourcecode.c.h; path = JTNavigationView.h; sourceTree = "<group>"; };
		1A89988C1445FBDB001C5FFB /* JTNavigationView.m */ = {isa = PBXFileReference; fileEncoding = 4; lastKnownFileType = sourcecode.c.objc; path = JTNavigationView.m; sourceTree = "<group>"; };
		1ACADFF8145720F4000F5E15 /* JTNavigationBar.h */ = {isa = PBXFileReference; fileEncoding = 4; lastKnownFileType = sourcecode.c.h; path = JTNavigationBar.h; sourceTree = "<group>"; };
		1ACADFF9145720F4000F5E15 /* JTNavigationBar.m */ = {isa = PBXFileReference; fileEncoding = 4; lastKnownFileType = sourcecode.c.objc; path = JTNavigationBar.m; sourceTree = "<group>"; };
		1AD4708114446391002EE1B0 /* JTRevealSidebarDemo.app */ = {isa = PBXFileReference; explicitFileType = wrapper.application; includeInIndex = 0; path = JTRevealSidebarDemo.app; sourceTree = BUILT_PRODUCTS_DIR; };
		1AD4708514446391002EE1B0 /* UIKit.framework */ = {isa = PBXFileReference; lastKnownFileType = wrapper.framework; name = UIKit.framework; path = System/Library/Frameworks/UIKit.framework; sourceTree = SDKROOT; };
		1AD4708714446391002EE1B0 /* Foundation.framework */ = {isa = PBXFileReference; lastKnownFileType = wrapper.framework; name = Foundation.framework; path = System/Library/Frameworks/Foundation.framework; sourceTree = SDKROOT; };
		1AD4708914446392002EE1B0 /* CoreGraphics.framework */ = {isa = PBXFileReference; lastKnownFileType = wrapper.framework; name = CoreGraphics.framework; path = System/Library/Frameworks/CoreGraphics.framework; sourceTree = SDKROOT; };
		1AD4708D14446392002EE1B0 /* JTRevealSidebarDemo-Info.plist */ = {isa = PBXFileReference; lastKnownFileType = text.plist.xml; path = "JTRevealSidebarDemo-Info.plist"; sourceTree = "<group>"; };
		1AD4708F14446392002EE1B0 /* en */ = {isa = PBXFileReference; lastKnownFileType = text.plist.strings; name = en; path = en.lproj/InfoPlist.strings; sourceTree = "<group>"; };
		1AD4709114446392002EE1B0 /* main.m */ = {isa = PBXFileReference; lastKnownFileType = sourcecode.c.objc; path = main.m; sourceTree = "<group>"; };
		1AD4709414446392002EE1B0 /* AppDelegate.h */ = {isa = PBXFileReference; lastKnownFileType = sourcecode.c.h; path = AppDelegate.h; sourceTree = "<group>"; };
		1AD4709514446392002EE1B0 /* AppDelegate.m */ = {isa = PBXFileReference; lastKnownFileType = sourcecode.c.objc; path = AppDelegate.m; sourceTree = "<group>"; };
		1AD4709714446392002EE1B0 /* ViewController.h */ = {isa = PBXFileReference; lastKnownFileType = sourcecode.c.h; path = ViewController.h; sourceTree = "<group>"; };
		1AD4709814446392002EE1B0 /* ViewController.m */ = {isa = PBXFileReference; lastKnownFileType = sourcecode.c.objc; path = ViewController.m; sourceTree = "<group>"; };
		1AD4709B14446392002EE1B0 /* en */ = {isa = PBXFileReference; lastKnownFileType = file.xib; name = en; path = en.lproj/ViewController_iPhone.xib; sourceTree = "<group>"; };
		1AD4709E14446392002EE1B0 /* en */ = {isa = PBXFileReference; lastKnownFileType = file.xib; name = en; path = en.lproj/ViewController_iPad.xib; sourceTree = "<group>"; };
		1AD470A514446392002EE1B0 /* JTRevealSidebarDemoTests.octest */ = {isa = PBXFileReference; explicitFileType = wrapper.cfbundle; includeInIndex = 0; path = JTRevealSidebarDemoTests.octest; sourceTree = BUILT_PRODUCTS_DIR; };
		1AD470A614446392002EE1B0 /* SenTestingKit.framework */ = {isa = PBXFileReference; lastKnownFileType = wrapper.framework; name = SenTestingKit.framework; path = Library/Frameworks/SenTestingKit.framework; sourceTree = DEVELOPER_DIR; };
		1AD470AE14446392002EE1B0 /* JTRevealSidebarDemoTests-Info.plist */ = {isa = PBXFileReference; lastKnownFileType = text.plist.xml; path = "JTRevealSidebarDemoTests-Info.plist"; sourceTree = "<group>"; };
		1AD470B014446392002EE1B0 /* en */ = {isa = PBXFileReference; lastKnownFileType = text.plist.strings; name = en; path = en.lproj/InfoPlist.strings; sourceTree = "<group>"; };
		1AD470B214446392002EE1B0 /* JTRevealSidebarDemoTests.h */ = {isa = PBXFileReference; lastKnownFileType = sourcecode.c.h; path = JTRevealSidebarDemoTests.h; sourceTree = "<group>"; };
		1AD470B314446392002EE1B0 /* JTRevealSidebarDemoTests.m */ = {isa = PBXFileReference; lastKnownFileType = sourcecode.c.objc; path = JTRevealSidebarDemoTests.m; sourceTree = "<group>"; };
		1AD470BE144463B4002EE1B0 /* JTRevealSidebarView.h */ = {isa = PBXFileReference; fileEncoding = 4; lastKnownFileType = sourcecode.c.h; path = JTRevealSidebarView.h; sourceTree = "<group>"; };
		1AD470BF144463B4002EE1B0 /* JTRevealSidebarView.m */ = {isa = PBXFileReference; fileEncoding = 4; lastKnownFileType = sourcecode.c.objc; path = JTRevealSidebarView.m; sourceTree = "<group>"; };
		1AE7FCB2144F43020050B97E /* JTTableViewDatasource.h */ = {isa = PBXFileReference; fileEncoding = 4; lastKnownFileType = sourcecode.c.h; path = JTTableViewDatasource.h; sourceTree = "<group>"; };
		1AE7FCB3144F43020050B97E /* JTTableViewDatasource.m */ = {isa = PBXFileReference; fileEncoding = 4; lastKnownFileType = sourcecode.c.objc; path = JTTableViewDatasource.m; sourceTree = "<group>"; };
		1AE7FCB6144F461C0050B97E /* JTTableViewCellFactory.h */ = {isa = PBXFileReference; fileEncoding = 4; lastKnownFileType = sourcecode.c.h; path = JTTableViewCellFactory.h; sourceTree = "<group>"; };
		1AE7FCB7144F461C0050B97E /* JTTableViewCellFactory.m */ = {isa = PBXFileReference; fileEncoding = 4; lastKnownFileType = sourcecode.c.objc; path = JTTableViewCellFactory.m; sourceTree = "<group>"; };
		1AE7FCB9144F4BAD0050B97E /* JTTableViewCellModal.h */ = {isa = PBXFileReference; fileEncoding = 4; lastKnownFileType = sourcecode.c.h; path = JTTableViewCellModal.h; sourceTree = "<group>"; };
		1AE7FCBA144F4BAD0050B97E /* JTTableViewCellModal.m */ = {isa = PBXFileReference; fileEncoding = 4; lastKnownFileType = sourcecode.c.objc; path = JTTableViewCellModal.m; sourceTree = "<group>"; };
		37E67F201591080200043822 /* libJTRevealSidebarV2.a */ = {isa = PBXFileReference; explicitFileType = archive.ar; includeInIndex = 0; path = libJTRevealSidebarV2.a; sourceTree = BUILT_PRODUCTS_DIR; };
		37E67F37159109C500043822 /* libJTRevealSidebar.a */ = {isa = PBXFileReference; explicitFileType = archive.ar; includeInIndex = 0; path = libJTRevealSidebar.a; sourceTree = BUILT_PRODUCTS_DIR; };
		37E67F5315910B6E00043822 /* JTRevealSidebar-Prefix.pch */ = {isa = PBXFileReference; fileEncoding = 4; lastKnownFileType = sourcecode.c.h; path = "JTRevealSidebar-Prefix.pch"; sourceTree = "<group>"; };
/* End PBXFileReference section */

/* Begin PBXFrameworksBuildPhase section */
		1A617E88148FC4A6005EC465 /* Frameworks */ = {
			isa = PBXFrameworksBuildPhase;
			buildActionMask = 2147483647;
			files = (
				37E67F30159108A900043822 /* libJTRevealSidebarV2.a in Frameworks */,
				1A0883FC14D6FEB500628D99 /* QuartzCore.framework in Frameworks */,
				1A617E8D148FC4A6005EC465 /* UIKit.framework in Frameworks */,
				1A617E8E148FC4A6005EC465 /* Foundation.framework in Frameworks */,
				1A617E8F148FC4A6005EC465 /* CoreGraphics.framework in Frameworks */,
			);
			runOnlyForDeploymentPostprocessing = 0;
		};
		1A617E9D148FC4A7005EC465 /* Frameworks */ = {
			isa = PBXFrameworksBuildPhase;
			buildActionMask = 2147483647;
			files = (
				1A617EA2148FC4A7005EC465 /* SenTestingKit.framework in Frameworks */,
				1A617EA3148FC4A7005EC465 /* UIKit.framework in Frameworks */,
				1A617EA4148FC4A7005EC465 /* Foundation.framework in Frameworks */,
			);
			runOnlyForDeploymentPostprocessing = 0;
		};
		1AD4707E14446391002EE1B0 /* Frameworks */ = {
			isa = PBXFrameworksBuildPhase;
			buildActionMask = 2147483647;
			files = (
				37E67F4815910A0F00043822 /* libJTRevealSidebar.a in Frameworks */,
				1AD4708614446391002EE1B0 /* UIKit.framework in Frameworks */,
				1AD4708814446392002EE1B0 /* Foundation.framework in Frameworks */,
				1AD4708A14446392002EE1B0 /* CoreGraphics.framework in Frameworks */,
			);
			runOnlyForDeploymentPostprocessing = 0;
		};
		1AD470A114446392002EE1B0 /* Frameworks */ = {
			isa = PBXFrameworksBuildPhase;
			buildActionMask = 2147483647;
			files = (
				1AD470A714446392002EE1B0 /* SenTestingKit.framework in Frameworks */,
				1AD470A814446392002EE1B0 /* UIKit.framework in Frameworks */,
				1AD470A914446392002EE1B0 /* Foundation.framework in Frameworks */,
			);
			runOnlyForDeploymentPostprocessing = 0;
		};
		37E67F1D1591080200043822 /* Frameworks */ = {
			isa = PBXFrameworksBuildPhase;
			buildActionMask = 2147483647;
			files = (
				37E67F211591080200043822 /* Foundation.framework in Frameworks */,
			);
			runOnlyForDeploymentPostprocessing = 0;
		};
		37E67F34159109C500043822 /* Frameworks */ = {
			isa = PBXFrameworksBuildPhase;
			buildActionMask = 2147483647;
			files = (
				37E67F5215910AE200043822 /* CoreGraphics.framework in Frameworks */,
				37E67F5115910A8800043822 /* UIKit.framework in Frameworks */,
				37E67F38159109C500043822 /* Foundation.framework in Frameworks */,
			);
			runOnlyForDeploymentPostprocessing = 0;
		};
/* End PBXFrameworksBuildPhase section */

/* Begin PBXGroup section */
		1A617E90148FC4A6005EC465 /* JTRevealSidebarDemoV2 */ = {
			isa = PBXGroup;
			children = (
				1A617E99148FC4A7005EC465 /* AppDelegate.h */,
				1A617E9A148FC4A7005EC465 /* AppDelegate.m */,
				1A617EB7148FC4DB005EC465 /* ViewController.h */,
				1A617EB8148FC4DB005EC465 /* ViewController.m */,
				1A81A5D614951CEE00BF03B8 /* SidebarViewController.h */,
				1A81A5D714951CEE00BF03B8 /* SidebarViewController.m */,
				1A057B6C1495400F0069D7AD /* NewViewController.h */,
				1A057B6D1495400F0069D7AD /* NewViewController.m */,
				1A617E91148FC4A7005EC465 /* Supporting Files */,
			);
			path = JTRevealSidebarDemoV2;
			sourceTree = "<group>";
		};
		1A617E91148FC4A7005EC465 /* Supporting Files */ = {
			isa = PBXGroup;
			children = (
				1A057B78149547F10069D7AD /* ButtonMenu.png */,
				1A057B79149547F10069D7AD /* ButtonMenu@2x.png */,
				1A617E92148FC4A7005EC465 /* JTRevealSidebarDemoV2-Info.plist */,
				1A617E93148FC4A7005EC465 /* InfoPlist.strings */,
				1A617E96148FC4A7005EC465 /* main.m */,
				1A617E98148FC4A7005EC465 /* JTRevealSidebarDemoV2-Prefix.pch */,
			);
			name = "Supporting Files";
			sourceTree = "<group>";
		};
		1A617EA7148FC4A7005EC465 /* JTRevealSidebarDemoV2Tests */ = {
			isa = PBXGroup;
			children = (
				1A617EAD148FC4A7005EC465 /* JTRevealSidebarDemoV2Tests.h */,
				1A617EAE148FC4A7005EC465 /* JTRevealSidebarDemoV2Tests.m */,
				1A617EA8148FC4A7005EC465 /* Supporting Files */,
			);
			path = JTRevealSidebarDemoV2Tests;
			sourceTree = "<group>";
		};
		1A617EA8148FC4A7005EC465 /* Supporting Files */ = {
			isa = PBXGroup;
			children = (
				1A617EA9148FC4A7005EC465 /* JTRevealSidebarDemoV2Tests-Info.plist */,
				1A617EAA148FC4A7005EC465 /* InfoPlist.strings */,
			);
			name = "Supporting Files";
			sourceTree = "<group>";
		};
		1A617EBA148FC4FB005EC465 /* JTRevealSidebarV2 */ = {
			isa = PBXGroup;
			children = (
				1A617EBB148FC5B4005EC465 /* JTRevealSidebarV2Delegate.h */,
				1A617EBF148FC612005EC465 /* UINavigationItem+JTRevealSidebarV2.h */,
				1A617EC0148FC612005EC465 /* UINavigationItem+JTRevealSidebarV2.m */,
				1A617EC2148FC706005EC465 /* UIViewController+JTRevealSidebarV2.h */,
				1A617EC3148FC706005EC465 /* UIViewController+JTRevealSidebarV2.m */,
			);
			path = JTRevealSidebarV2;
			sourceTree = "<group>";
		};
		1AD4707614446391002EE1B0 = {
			isa = PBXGroup;
			children = (
				1AD470BD144463B4002EE1B0 /* JTRevealSidebar */,
				1AD4708B14446392002EE1B0 /* JTRevealSidebarDemo */,
				1AD470AC14446392002EE1B0 /* JTRevealSidebarDemoTests */,
				1A617EBA148FC4FB005EC465 /* JTRevealSidebarV2 */,
				1A617E90148FC4A6005EC465 /* JTRevealSidebarDemoV2 */,
				1A617EA7148FC4A7005EC465 /* JTRevealSidebarDemoV2Tests */,
				1AD4708414446391002EE1B0 /* Frameworks */,
				1AD4708214446391002EE1B0 /* Products */,
			);
			sourceTree = "<group>";
		};
		1AD4708214446391002EE1B0 /* Products */ = {
			isa = PBXGroup;
			children = (
				1AD4708114446391002EE1B0 /* JTRevealSidebarDemo.app */,
				1AD470A514446392002EE1B0 /* JTRevealSidebarDemoTests.octest */,
				1A617E8B148FC4A6005EC465 /* JTRevealSidebarDemoV2.app */,
				1A617EA1148FC4A7005EC465 /* JTRevealSidebarDemoV2Tests.octest */,
				37E67F201591080200043822 /* libJTRevealSidebarV2.a */,
				37E67F37159109C500043822 /* libJTRevealSidebar.a */,
			);
			name = Products;
			sourceTree = "<group>";
		};
		1AD4708414446391002EE1B0 /* Frameworks */ = {
			isa = PBXGroup;
			children = (
				1A0883FB14D6FEB500628D99 /* QuartzCore.framework */,
				1AD4708514446391002EE1B0 /* UIKit.framework */,
				1AD4708714446391002EE1B0 /* Foundation.framework */,
				1AD4708914446392002EE1B0 /* CoreGraphics.framework */,
				1AD470A614446392002EE1B0 /* SenTestingKit.framework */,
			);
			name = Frameworks;
			sourceTree = "<group>";
		};
		1AD4708B14446392002EE1B0 /* JTRevealSidebarDemo */ = {
			isa = PBXGroup;
			children = (
				1AD4709414446392002EE1B0 /* AppDelegate.h */,
				1AD4709514446392002EE1B0 /* AppDelegate.m */,
				1AD4709714446392002EE1B0 /* ViewController.h */,
				1AD4709814446392002EE1B0 /* ViewController.m */,
				1AD4709A14446392002EE1B0 /* ViewController_iPhone.xib */,
				1AD4709D14446392002EE1B0 /* ViewController_iPad.xib */,
				1AD4708C14446392002EE1B0 /* Supporting Files */,
			);
			path = JTRevealSidebarDemo;
			sourceTree = "<group>";
		};
		1AD4708C14446392002EE1B0 /* Supporting Files */ = {
			isa = PBXGroup;
			children = (
				1AD4708D14446392002EE1B0 /* JTRevealSidebarDemo-Info.plist */,
				1AD4708E14446392002EE1B0 /* InfoPlist.strings */,
				1AD4709114446392002EE1B0 /* main.m */,
			);
			name = "Supporting Files";
			sourceTree = "<group>";
		};
		1AD470AC14446392002EE1B0 /* JTRevealSidebarDemoTests */ = {
			isa = PBXGroup;
			children = (
				1AD470B214446392002EE1B0 /* JTRevealSidebarDemoTests.h */,
				1AD470B314446392002EE1B0 /* JTRevealSidebarDemoTests.m */,
				1AD470AD14446392002EE1B0 /* Supporting Files */,
			);
			path = JTRevealSidebarDemoTests;
			sourceTree = "<group>";
		};
		1AD470AD14446392002EE1B0 /* Supporting Files */ = {
			isa = PBXGroup;
			children = (
				1AD470AE14446392002EE1B0 /* JTRevealSidebarDemoTests-Info.plist */,
				1AD470AF14446392002EE1B0 /* InfoPlist.strings */,
			);
			name = "Supporting Files";
			sourceTree = "<group>";
		};
		1AD470BD144463B4002EE1B0 /* JTRevealSidebar */ = {
			isa = PBXGroup;
			children = (
				37E67F5315910B6E00043822 /* JTRevealSidebar-Prefix.pch */,
				1AD470BE144463B4002EE1B0 /* JTRevealSidebarView.h */,
				1AD470BF144463B4002EE1B0 /* JTRevealSidebarView.m */,
				1A89988B1445FBDB001C5FFB /* JTNavigationView.h */,
				1A89988C1445FBDB001C5FFB /* JTNavigationView.m */,
				1ACADFF8145720F4000F5E15 /* JTNavigationBar.h */,
				1ACADFF9145720F4000F5E15 /* JTNavigationBar.m */,
				1AE7FCB2144F43020050B97E /* JTTableViewDatasource.h */,
				1AE7FCB3144F43020050B97E /* JTTableViewDatasource.m */,
				1AE7FCB6144F461C0050B97E /* JTTableViewCellFactory.h */,
				1AE7FCB7144F461C0050B97E /* JTTableViewCellFactory.m */,
				1AE7FCB9144F4BAD0050B97E /* JTTableViewCellModal.h */,
				1AE7FCBA144F4BAD0050B97E /* JTTableViewCellModal.m */,
			);
			path = JTRevealSidebar;
			sourceTree = "<group>";
		};
/* End PBXGroup section */

/* Begin PBXHeadersBuildPhase section */
		37E67F1E1591080200043822 /* Headers */ = {
			isa = PBXHeadersBuildPhase;
			buildActionMask = 2147483647;
			files = (
				37E67F2D1591088A00043822 /* JTRevealSidebarV2Delegate.h in Headers */,
				37E67F2E1591088A00043822 /* UINavigationItem+JTRevealSidebarV2.h in Headers */,
				37E67F2F1591088A00043822 /* UIViewController+JTRevealSidebarV2.h in Headers */,
			);
			runOnlyForDeploymentPostprocessing = 0;
		};
		37E67F35159109C500043822 /* Headers */ = {
			isa = PBXHeadersBuildPhase;
			buildActionMask = 2147483647;
			files = (
				37E67F4B15910A3800043822 /* JTRevealSidebarView.h in Headers */,
				37E67F4C15910A3800043822 /* JTNavigationView.h in Headers */,
				37E67F4D15910A3800043822 /* JTNavigationBar.h in Headers */,
				37E67F4E15910A3800043822 /* JTTableViewDatasource.h in Headers */,
				37E67F4F15910A3800043822 /* JTTableViewCellFactory.h in Headers */,
				37E67F5015910A3800043822 /* JTTableViewCellModal.h in Headers */,
				37E67F5415910B6E00043822 /* JTRevealSidebar-Prefix.pch in Headers */,
			);
			runOnlyForDeploymentPostprocessing = 0;
		};
/* End PBXHeadersBuildPhase section */

/* Begin PBXNativeTarget section */
		1A617E8A148FC4A6005EC465 /* JTRevealSidebarDemoV2 */ = {
			isa = PBXNativeTarget;
			buildConfigurationList = 1A617EB4148FC4A7005EC465 /* Build configuration list for PBXNativeTarget "JTRevealSidebarDemoV2" */;
			buildPhases = (
				1A617E87148FC4A6005EC465 /* Sources */,
				1A617E88148FC4A6005EC465 /* Frameworks */,
				1A617E89148FC4A6005EC465 /* Resources */,
			);
			buildRules = (
			);
			dependencies = (
				37E67F321591094900043822 /* PBXTargetDependency */,
			);
			name = JTRevealSidebarDemoV2;
			productName = JTRevealSidebarDemoV2;
			productReference = 1A617E8B148FC4A6005EC465 /* JTRevealSidebarDemoV2.app */;
			productType = "com.apple.product-type.application";
		};
		1A617EA0148FC4A7005EC465 /* JTRevealSidebarDemoV2Tests */ = {
			isa = PBXNativeTarget;
			buildConfigurationList = 1A617EB5148FC4A7005EC465 /* Build configuration list for PBXNativeTarget "JTRevealSidebarDemoV2Tests" */;
			buildPhases = (
				1A617E9C148FC4A7005EC465 /* Sources */,
				1A617E9D148FC4A7005EC465 /* Frameworks */,
				1A617E9E148FC4A7005EC465 /* Resources */,
				1A617E9F148FC4A7005EC465 /* ShellScript */,
			);
			buildRules = (
			);
			dependencies = (
				1A617EA6148FC4A7005EC465 /* PBXTargetDependency */,
			);
			name = JTRevealSidebarDemoV2Tests;
			productName = JTRevealSidebarDemoV2Tests;
			productReference = 1A617EA1148FC4A7005EC465 /* JTRevealSidebarDemoV2Tests.octest */;
			productType = "com.apple.product-type.bundle";
		};
		1AD4708014446391002EE1B0 /* JTRevealSidebarDemo */ = {
			isa = PBXNativeTarget;
			buildConfigurationList = 1AD470B714446392002EE1B0 /* Build configuration list for PBXNativeTarget "JTRevealSidebarDemo" */;
			buildPhases = (
				1AD4707D14446391002EE1B0 /* Sources */,
				1AD4707E14446391002EE1B0 /* Frameworks */,
				1AD4707F14446391002EE1B0 /* Resources */,
			);
			buildRules = (
			);
			dependencies = (
				37E67F4A15910A1300043822 /* PBXTargetDependency */,
			);
			name = JTRevealSidebarDemo;
			productName = JTRevealSidebarDemo;
			productReference = 1AD4708114446391002EE1B0 /* JTRevealSidebarDemo.app */;
			productType = "com.apple.product-type.application";
		};
		1AD470A414446392002EE1B0 /* JTRevealSidebarDemoTests */ = {
			isa = PBXNativeTarget;
			buildConfigurationList = 1AD470BA14446392002EE1B0 /* Build configuration list for PBXNativeTarget "JTRevealSidebarDemoTests" */;
			buildPhases = (
				1AD470A014446392002EE1B0 /* Sources */,
				1AD470A114446392002EE1B0 /* Frameworks */,
				1AD470A214446392002EE1B0 /* Resources */,
				1AD470A314446392002EE1B0 /* ShellScript */,
			);
			buildRules = (
			);
			dependencies = (
				1AD470AB14446392002EE1B0 /* PBXTargetDependency */,
			);
			name = JTRevealSidebarDemoTests;
			productName = JTRevealSidebarDemoTests;
			productReference = 1AD470A514446392002EE1B0 /* JTRevealSidebarDemoTests.octest */;
			productType = "com.apple.product-type.bundle";
		};
		37E67F1F1591080200043822 /* JTRevealSidebarV2 */ = {
			isa = PBXNativeTarget;
			buildConfigurationList = 37E67F281591080200043822 /* Build configuration list for PBXNativeTarget "JTRevealSidebarV2" */;
			buildPhases = (
				37E67F1C1591080200043822 /* Sources */,
				37E67F1D1591080200043822 /* Frameworks */,
				37E67F1E1591080200043822 /* Headers */,
			);
			buildRules = (
			);
			dependencies = (
			);
			name = JTRevealSidebarV2;
			productName = JTRevealSidebarV2;
			productReference = 37E67F201591080200043822 /* libJTRevealSidebarV2.a */;
			productType = "com.apple.product-type.library.static";
		};
		37E67F36159109C500043822 /* JTRevealSidebar */ = {
			isa = PBXNativeTarget;
			buildConfigurationList = 37E67F3F159109C500043822 /* Build configuration list for PBXNativeTarget "JTRevealSidebar" */;
			buildPhases = (
				37E67F33159109C500043822 /* Sources */,
				37E67F34159109C500043822 /* Frameworks */,
				37E67F35159109C500043822 /* Headers */,
			);
			buildRules = (
			);
			dependencies = (
			);
			name = JTRevealSidebar;
			productName = JTRevealSidebar;
			productReference = 37E67F37159109C500043822 /* libJTRevealSidebar.a */;
			productType = "com.apple.product-type.library.static";
		};
/* End PBXNativeTarget section */

/* Begin PBXProject section */
		1AD4707814446391002EE1B0 /* Project object */ = {
			isa = PBXProject;
			attributes = {
				LastUpgradeCheck = 0420;
			};
			buildConfigurationList = 1AD4707B14446391002EE1B0 /* Build configuration list for PBXProject "JTRevealSidebarDemo" */;
			compatibilityVersion = "Xcode 3.2";
			developmentRegion = English;
			hasScannedForEncodings = 0;
			knownRegions = (
				en,
			);
			mainGroup = 1AD4707614446391002EE1B0;
			productRefGroup = 1AD4708214446391002EE1B0 /* Products */;
			projectDirPath = "";
			projectRoot = "";
			targets = (
				37E67F36159109C500043822 /* JTRevealSidebar */,
				37E67F1F1591080200043822 /* JTRevealSidebarV2 */,
				1AD4708014446391002EE1B0 /* JTRevealSidebarDemo */,
				1AD470A414446392002EE1B0 /* JTRevealSidebarDemoTests */,
				1A617E8A148FC4A6005EC465 /* JTRevealSidebarDemoV2 */,
				1A617EA0148FC4A7005EC465 /* JTRevealSidebarDemoV2Tests */,
			);
		};
/* End PBXProject section */

/* Begin PBXResourcesBuildPhase section */
		1A617E89148FC4A6005EC465 /* Resources */ = {
			isa = PBXResourcesBuildPhase;
			buildActionMask = 2147483647;
			files = (
				1A617E95148FC4A7005EC465 /* InfoPlist.strings in Resources */,
				1A057B7A149547F20069D7AD /* ButtonMenu.png in Resources */,
				1A057B7B149547F20069D7AD /* ButtonMenu@2x.png in Resources */,
			);
			runOnlyForDeploymentPostprocessing = 0;
		};
		1A617E9E148FC4A7005EC465 /* Resources */ = {
			isa = PBXResourcesBuildPhase;
			buildActionMask = 2147483647;
			files = (
				1A617EAC148FC4A7005EC465 /* InfoPlist.strings in Resources */,
			);
			runOnlyForDeploymentPostprocessing = 0;
		};
		1AD4707F14446391002EE1B0 /* Resources */ = {
			isa = PBXResourcesBuildPhase;
			buildActionMask = 2147483647;
			files = (
				1AD4709014446392002EE1B0 /* InfoPlist.strings in Resources */,
				1AD4709C14446392002EE1B0 /* ViewController_iPhone.xib in Resources */,
				1AD4709F14446392002EE1B0 /* ViewController_iPad.xib in Resources */,
			);
			runOnlyForDeploymentPostprocessing = 0;
		};
		1AD470A214446392002EE1B0 /* Resources */ = {
			isa = PBXResourcesBuildPhase;
			buildActionMask = 2147483647;
			files = (
				1AD470B114446392002EE1B0 /* InfoPlist.strings in Resources */,
			);
			runOnlyForDeploymentPostprocessing = 0;
		};
/* End PBXResourcesBuildPhase section */

/* Begin PBXShellScriptBuildPhase section */
		1A617E9F148FC4A7005EC465 /* ShellScript */ = {
			isa = PBXShellScriptBuildPhase;
			buildActionMask = 2147483647;
			files = (
			);
			inputPaths = (
			);
			outputPaths = (
			);
			runOnlyForDeploymentPostprocessing = 0;
			shellPath = /bin/sh;
			shellScript = "# Run the unit tests in this test bundle.\n\"${SYSTEM_DEVELOPER_DIR}/Tools/RunUnitTests\"\n";
		};
		1AD470A314446392002EE1B0 /* ShellScript */ = {
			isa = PBXShellScriptBuildPhase;
			buildActionMask = 2147483647;
			files = (
			);
			inputPaths = (
			);
			outputPaths = (
			);
			runOnlyForDeploymentPostprocessing = 0;
			shellPath = /bin/sh;
			shellScript = "# Run the unit tests in this test bundle.\n\"${SYSTEM_DEVELOPER_DIR}/Tools/RunUnitTests\"\n";
		};
/* End PBXShellScriptBuildPhase section */

/* Begin PBXSourcesBuildPhase section */
		1A617E87148FC4A6005EC465 /* Sources */ = {
			isa = PBXSourcesBuildPhase;
			buildActionMask = 2147483647;
			files = (
				1A617E97148FC4A7005EC465 /* main.m in Sources */,
				1A617E9B148FC4A7005EC465 /* AppDelegate.m in Sources */,
				1A617EB9148FC4DB005EC465 /* ViewController.m in Sources */,
				1A81A5D814951CEF00BF03B8 /* SidebarViewController.m in Sources */,
				1A057B6E1495400F0069D7AD /* NewViewController.m in Sources */,
			);
			runOnlyForDeploymentPostprocessing = 0;
		};
		1A617E9C148FC4A7005EC465 /* Sources */ = {
			isa = PBXSourcesBuildPhase;
			buildActionMask = 2147483647;
			files = (
				1A617EAF148FC4A7005EC465 /* JTRevealSidebarDemoV2Tests.m in Sources */,
			);
			runOnlyForDeploymentPostprocessing = 0;
		};
		1AD4707D14446391002EE1B0 /* Sources */ = {
			isa = PBXSourcesBuildPhase;
			buildActionMask = 2147483647;
			files = (
				1AD4709214446392002EE1B0 /* main.m in Sources */,
				1AD4709614446392002EE1B0 /* AppDelegate.m in Sources */,
				1AD4709914446392002EE1B0 /* ViewController.m in Sources */,
			);
			runOnlyForDeploymentPostprocessing = 0;
		};
		1AD470A014446392002EE1B0 /* Sources */ = {
			isa = PBXSourcesBuildPhase;
			buildActionMask = 2147483647;
			files = (
				1AD470B414446392002EE1B0 /* JTRevealSidebarDemoTests.m in Sources */,
			);
			runOnlyForDeploymentPostprocessing = 0;
		};
		37E67F1C1591080200043822 /* Sources */ = {
			isa = PBXSourcesBuildPhase;
			buildActionMask = 2147483647;
			files = (
				37E67F2B1591086200043822 /* UINavigationItem+JTRevealSidebarV2.m in Sources */,
				37E67F2C1591086200043822 /* UIViewController+JTRevealSidebarV2.m in Sources */,
			);
			runOnlyForDeploymentPostprocessing = 0;
		};
		37E67F33159109C500043822 /* Sources */ = {
			isa = PBXSourcesBuildPhase;
			buildActionMask = 2147483647;
			files = (
				37E67F4215910A0600043822 /* JTRevealSidebarView.m in Sources */,
				37E67F4315910A0600043822 /* JTNavigationView.m in Sources */,
				37E67F4415910A0600043822 /* JTNavigationBar.m in Sources */,
				37E67F4515910A0600043822 /* JTTableViewDatasource.m in Sources */,
				37E67F4615910A0600043822 /* JTTableViewCellFactory.m in Sources */,
				37E67F4715910A0600043822 /* JTTableViewCellModal.m in Sources */,
			);
			runOnlyForDeploymentPostprocessing = 0;
		};
/* End PBXSourcesBuildPhase section */

/* Begin PBXTargetDependency section */
		1A617EA6148FC4A7005EC465 /* PBXTargetDependency */ = {
			isa = PBXTargetDependency;
			target = 1A617E8A148FC4A6005EC465 /* JTRevealSidebarDemoV2 */;
			targetProxy = 1A617EA5148FC4A7005EC465 /* PBXContainerItemProxy */;
		};
		1AD470AB14446392002EE1B0 /* PBXTargetDependency */ = {
			isa = PBXTargetDependency;
			target = 1AD4708014446391002EE1B0 /* JTRevealSidebarDemo */;
			targetProxy = 1AD470AA14446392002EE1B0 /* PBXContainerItemProxy */;
		};
		37E67F321591094900043822 /* PBXTargetDependency */ = {
			isa = PBXTargetDependency;
			target = 37E67F1F1591080200043822 /* JTRevealSidebarV2 */;
			targetProxy = 37E67F311591094900043822 /* PBXContainerItemProxy */;
		};
		37E67F4A15910A1300043822 /* PBXTargetDependency */ = {
			isa = PBXTargetDependency;
			target = 37E67F36159109C500043822 /* JTRevealSidebar */;
			targetProxy = 37E67F4915910A1300043822 /* PBXContainerItemProxy */;
		};
/* End PBXTargetDependency section */

/* Begin PBXVariantGroup section */
		1A617E93148FC4A7005EC465 /* InfoPlist.strings */ = {
			isa = PBXVariantGroup;
			children = (
				1A617E94148FC4A7005EC465 /* en */,
			);
			name = InfoPlist.strings;
			sourceTree = "<group>";
		};
		1A617EAA148FC4A7005EC465 /* InfoPlist.strings */ = {
			isa = PBXVariantGroup;
			children = (
				1A617EAB148FC4A7005EC465 /* en */,
			);
			name = InfoPlist.strings;
			sourceTree = "<group>";
		};
		1AD4708E14446392002EE1B0 /* InfoPlist.strings */ = {
			isa = PBXVariantGroup;
			children = (
				1AD4708F14446392002EE1B0 /* en */,
			);
			name = InfoPlist.strings;
			sourceTree = "<group>";
		};
		1AD4709A14446392002EE1B0 /* ViewController_iPhone.xib */ = {
			isa = PBXVariantGroup;
			children = (
				1AD4709B14446392002EE1B0 /* en */,
			);
			name = ViewController_iPhone.xib;
			sourceTree = "<group>";
		};
		1AD4709D14446392002EE1B0 /* ViewController_iPad.xib */ = {
			isa = PBXVariantGroup;
			children = (
				1AD4709E14446392002EE1B0 /* en */,
			);
			name = ViewController_iPad.xib;
			sourceTree = "<group>";
		};
		1AD470AF14446392002EE1B0 /* InfoPlist.strings */ = {
			isa = PBXVariantGroup;
			children = (
				1AD470B014446392002EE1B0 /* en */,
			);
			name = InfoPlist.strings;
			sourceTree = "<group>";
		};
/* End PBXVariantGroup section */

/* Begin XCBuildConfiguration section */
		1A617EB0148FC4A7005EC465 /* Debug */ = {
			isa = XCBuildConfiguration;
			buildSettings = {
				CLANG_ENABLE_OBJC_ARC = YES;
				"CODE_SIGN_IDENTITY[sdk=iphoneos*]" = "iPhone Developer";
				GCC_PRECOMPILE_PREFIX_HEADER = YES;
				GCC_PREFIX_HEADER = "JTRevealSidebarDemoV2/JTRevealSidebarDemoV2-Prefix.pch";
				INFOPLIST_FILE = "JTRevealSidebarDemoV2/JTRevealSidebarDemoV2-Info.plist";
				OTHER_LDFLAGS = "-ObjC";
				PRODUCT_NAME = "$(TARGET_NAME)";
				WRAPPER_EXTENSION = app;
			};
			name = Debug;
		};
		1A617EB1148FC4A7005EC465 /* Release */ = {
			isa = XCBuildConfiguration;
			buildSettings = {
				CLANG_ENABLE_OBJC_ARC = YES;
				"CODE_SIGN_IDENTITY[sdk=iphoneos*]" = "iPhone Developer";
				GCC_PRECOMPILE_PREFIX_HEADER = YES;
				GCC_PREFIX_HEADER = "JTRevealSidebarDemoV2/JTRevealSidebarDemoV2-Prefix.pch";
				INFOPLIST_FILE = "JTRevealSidebarDemoV2/JTRevealSidebarDemoV2-Info.plist";
				OTHER_LDFLAGS = "-ObjC";
				PRODUCT_NAME = "$(TARGET_NAME)";
				WRAPPER_EXTENSION = app;
			};
			name = Release;
		};
		1A617EB2148FC4A7005EC465 /* Debug */ = {
			isa = XCBuildConfiguration;
			buildSettings = {
				BUNDLE_LOADER = "$(BUILT_PRODUCTS_DIR)/JTRevealSidebarDemoV2.app/JTRevealSidebarDemoV2";
				CLANG_ENABLE_OBJC_ARC = YES;
				FRAMEWORK_SEARCH_PATHS = (
					"$(SDKROOT)/Developer/Library/Frameworks",
					"$(DEVELOPER_LIBRARY_DIR)/Frameworks",
				);
				GCC_PRECOMPILE_PREFIX_HEADER = YES;
				GCC_PREFIX_HEADER = "JTRevealSidebarDemoV2/JTRevealSidebarDemoV2-Prefix.pch";
				INFOPLIST_FILE = "JTRevealSidebarDemoV2Tests/JTRevealSidebarDemoV2Tests-Info.plist";
				IPHONEOS_DEPLOYMENT_TARGET = 5.0;
				PRODUCT_NAME = "$(TARGET_NAME)";
				TEST_HOST = "$(BUNDLE_LOADER)";
				WRAPPER_EXTENSION = octest;
			};
			name = Debug;
		};
		1A617EB3148FC4A7005EC465 /* Release */ = {
			isa = XCBuildConfiguration;
			buildSettings = {
				BUNDLE_LOADER = "$(BUILT_PRODUCTS_DIR)/JTRevealSidebarDemoV2.app/JTRevealSidebarDemoV2";
				CLANG_ENABLE_OBJC_ARC = YES;
				FRAMEWORK_SEARCH_PATHS = (
					"$(SDKROOT)/Developer/Library/Frameworks",
					"$(DEVELOPER_LIBRARY_DIR)/Frameworks",
				);
				GCC_PRECOMPILE_PREFIX_HEADER = YES;
				GCC_PREFIX_HEADER = "JTRevealSidebarDemoV2/JTRevealSidebarDemoV2-Prefix.pch";
				INFOPLIST_FILE = "JTRevealSidebarDemoV2Tests/JTRevealSidebarDemoV2Tests-Info.plist";
				IPHONEOS_DEPLOYMENT_TARGET = 5.0;
				PRODUCT_NAME = "$(TARGET_NAME)";
				TEST_HOST = "$(BUNDLE_LOADER)";
				WRAPPER_EXTENSION = octest;
			};
			name = Release;
		};
		1AD470B514446392002EE1B0 /* Debug */ = {
			isa = XCBuildConfiguration;
			buildSettings = {
				ALWAYS_SEARCH_USER_PATHS = NO;
				ARCHS = "$(ARCHS_STANDARD_32_BIT)";
				"CODE_SIGN_IDENTITY[sdk=iphoneos*]" = "iPhone Developer";
				COPY_PHASE_STRIP = NO;
				GCC_C_LANGUAGE_STANDARD = gnu99;
				GCC_DYNAMIC_NO_PIC = NO;
				GCC_OPTIMIZATION_LEVEL = 0;
				GCC_PREPROCESSOR_DEFINITIONS = (
					"DEBUG=1",
					"$(inherited)",
				);
				GCC_SYMBOLS_PRIVATE_EXTERN = NO;
				GCC_VERSION = com.apple.compilers.llvm.clang.1_0;
				GCC_WARN_ABOUT_MISSING_PROTOTYPES = YES;
				GCC_WARN_ABOUT_RETURN_TYPE = YES;
				GCC_WARN_UNUSED_VARIABLE = YES;
				IPHONEOS_DEPLOYMENT_TARGET = 4.0;
				SDKROOT = iphoneos;
				TARGETED_DEVICE_FAMILY = "1,2";
			};
			name = Debug;
		};
		1AD470B614446392002EE1B0 /* Release */ = {
			isa = XCBuildConfiguration;
			buildSettings = {
				ALWAYS_SEARCH_USER_PATHS = NO;
				ARCHS = "$(ARCHS_STANDARD_32_BIT)";
				"CODE_SIGN_IDENTITY[sdk=iphoneos*]" = "iPhone Developer";
				COPY_PHASE_STRIP = YES;
				GCC_C_LANGUAGE_STANDARD = gnu99;
				GCC_VERSION = com.apple.compilers.llvm.clang.1_0;
				GCC_WARN_ABOUT_MISSING_PROTOTYPES = YES;
				GCC_WARN_ABOUT_RETURN_TYPE = YES;
				GCC_WARN_UNUSED_VARIABLE = YES;
				IPHONEOS_DEPLOYMENT_TARGET = 4.0;
				OTHER_CFLAGS = "-DNS_BLOCK_ASSERTIONS=1";
				SDKROOT = iphoneos;
				TARGETED_DEVICE_FAMILY = "1,2";
				VALIDATE_PRODUCT = YES;
			};
			name = Release;
		};
		1AD470B814446392002EE1B0 /* Debug */ = {
			isa = XCBuildConfiguration;
			buildSettings = {
				INFOPLIST_FILE = "JTRevealSidebarDemo/JTRevealSidebarDemo-Info.plist";
				OTHER_LDFLAGS = "-ObjC";
				PRODUCT_NAME = "$(TARGET_NAME)";
				WRAPPER_EXTENSION = app;
			};
			name = Debug;
		};
		1AD470B914446392002EE1B0 /* Release */ = {
			isa = XCBuildConfiguration;
			buildSettings = {
				INFOPLIST_FILE = "JTRevealSidebarDemo/JTRevealSidebarDemo-Info.plist";
				OTHER_LDFLAGS = "-ObjC";
				PRODUCT_NAME = "$(TARGET_NAME)";
				WRAPPER_EXTENSION = app;
			};
			name = Release;
		};
		1AD470BB14446392002EE1B0 /* Debug */ = {
			isa = XCBuildConfiguration;
			buildSettings = {
				BUNDLE_LOADER = "$(BUILT_PRODUCTS_DIR)/JTRevealSidebarDemo.app/JTRevealSidebarDemo";
				FRAMEWORK_SEARCH_PATHS = (
					"$(SDKROOT)/Developer/Library/Frameworks",
					"$(DEVELOPER_LIBRARY_DIR)/Frameworks",
				);
				GCC_PRECOMPILE_PREFIX_HEADER = YES;
				GCC_PREFIX_HEADER = "JTRevealSidebarDemo/JTRevealSidebarDemo-Prefix.pch";
				INFOPLIST_FILE = "JTRevealSidebarDemoTests/JTRevealSidebarDemoTests-Info.plist";
				PRODUCT_NAME = "$(TARGET_NAME)";
				TEST_HOST = "$(BUNDLE_LOADER)";
				WRAPPER_EXTENSION = octest;
			};
			name = Debug;
		};
		1AD470BC14446392002EE1B0 /* Release */ = {
			isa = XCBuildConfiguration;
			buildSettings = {
				BUNDLE_LOADER = "$(BUILT_PRODUCTS_DIR)/JTRevealSidebarDemo.app/JTRevealSidebarDemo";
				FRAMEWORK_SEARCH_PATHS = (
					"$(SDKROOT)/Developer/Library/Frameworks",
					"$(DEVELOPER_LIBRARY_DIR)/Frameworks",
				);
				GCC_PRECOMPILE_PREFIX_HEADER = YES;
				GCC_PREFIX_HEADER = "JTRevealSidebarDemo/JTRevealSidebarDemo-Prefix.pch";
				INFOPLIST_FILE = "JTRevealSidebarDemoTests/JTRevealSidebarDemoTests-Info.plist";
				PRODUCT_NAME = "$(TARGET_NAME)";
				TEST_HOST = "$(BUNDLE_LOADER)";
				WRAPPER_EXTENSION = octest;
			};
			name = Release;
		};
		37E67F291591080200043822 /* Debug */ = {
			isa = XCBuildConfiguration;
			buildSettings = {
				DSTROOT = /tmp/JTRevealSidebarV2.dst;
				GCC_WARN_UNINITIALIZED_AUTOS = YES;
				IPHONEOS_DEPLOYMENT_TARGET = 5.1;
				OTHER_LDFLAGS = "-ObjC";
				PRODUCT_NAME = "$(TARGET_NAME)";
				PUBLIC_HEADERS_FOLDER_PATH = include/JTRevealSidebarV2;
				SKIP_INSTALL = YES;
			};
			name = Debug;
		};
		37E67F2A1591080200043822 /* Release */ = {
			isa = XCBuildConfiguration;
			buildSettings = {
				DSTROOT = /tmp/JTRevealSidebarV2.dst;
				GCC_WARN_UNINITIALIZED_AUTOS = YES;
				IPHONEOS_DEPLOYMENT_TARGET = 5.1;
				OTHER_LDFLAGS = "-ObjC";
				PRODUCT_NAME = "$(TARGET_NAME)";
				PUBLIC_HEADERS_FOLDER_PATH = include/JTRevealSidebarV2;
				SKIP_INSTALL = YES;
			};
			name = Release;
		};
		37E67F40159109C500043822 /* Debug */ = {
			isa = XCBuildConfiguration;
			buildSettings = {
				DSTROOT = /tmp/JTRevealSidebar.dst;
				GCC_PRECOMPILE_PREFIX_HEADER = YES;
				GCC_PREFIX_HEADER = "JTRevealSidebar/JTRevealSidebar-Prefix.pch";
				GCC_WARN_UNINITIALIZED_AUTOS = YES;
				IPHONEOS_DEPLOYMENT_TARGET = 5.1;
				OTHER_LDFLAGS = "-ObjC";
				PRODUCT_NAME = "$(TARGET_NAME)";
				PUBLIC_HEADERS_FOLDER_PATH = include/JTRevealSidebar;
				SKIP_INSTALL = YES;
			};
			name = Debug;
		};
		37E67F41159109C500043822 /* Release */ = {
			isa = XCBuildConfiguration;
			buildSettings = {
				DSTROOT = /tmp/JTRevealSidebar.dst;
				GCC_PRECOMPILE_PREFIX_HEADER = YES;
				GCC_PREFIX_HEADER = "JTRevealSidebar/JTRevealSidebar-Prefix.pch";
				GCC_WARN_UNINITIALIZED_AUTOS = YES;
				IPHONEOS_DEPLOYMENT_TARGET = 5.1;
				OTHER_LDFLAGS = "-ObjC";
				PRODUCT_NAME = "$(TARGET_NAME)";
				PUBLIC_HEADERS_FOLDER_PATH = include/JTRevealSidebar;
				SKIP_INSTALL = YES;
			};
			name = Release;
		};
/* End XCBuildConfiguration section */

/* Begin XCConfigurationList section */
		1A617EB4148FC4A7005EC465 /* Build configuration list for PBXNativeTarget "JTRevealSidebarDemoV2" */ = {
			isa = XCConfigurationList;
			buildConfigurations = (
				1A617EB0148FC4A7005EC465 /* Debug */,
				1A617EB1148FC4A7005EC465 /* Release */,
			);
			defaultConfigurationIsVisible = 0;
			defaultConfigurationName = Release;
		};
		1A617EB5148FC4A7005EC465 /* Build configuration list for PBXNativeTarget "JTRevealSidebarDemoV2Tests" */ = {
			isa = XCConfigurationList;
			buildConfigurations = (
				1A617EB2148FC4A7005EC465 /* Debug */,
				1A617EB3148FC4A7005EC465 /* Release */,
			);
			defaultConfigurationIsVisible = 0;
			defaultConfigurationName = Release;
		};
		1AD4707B14446391002EE1B0 /* Build configuration list for PBXProject "JTRevealSidebarDemo" */ = {
			isa = XCConfigurationList;
			buildConfigurations = (
				1AD470B514446392002EE1B0 /* Debug */,
				1AD470B614446392002EE1B0 /* Release */,
			);
			defaultConfigurationIsVisible = 0;
			defaultConfigurationName = Release;
		};
		1AD470B714446392002EE1B0 /* Build configuration list for PBXNativeTarget "JTRevealSidebarDemo" */ = {
			isa = XCConfigurationList;
			buildConfigurations = (
				1AD470B814446392002EE1B0 /* Debug */,
				1AD470B914446392002EE1B0 /* Release */,
			);
			defaultConfigurationIsVisible = 0;
			defaultConfigurationName = Release;
		};
		1AD470BA14446392002EE1B0 /* Build configuration list for PBXNativeTarget "JTRevealSidebarDemoTests" */ = {
			isa = XCConfigurationList;
			buildConfigurations = (
				1AD470BB14446392002EE1B0 /* Debug */,
				1AD470BC14446392002EE1B0 /* Release */,
			);
			defaultConfigurationIsVisible = 0;
			defaultConfigurationName = Release;
		};
		37E67F281591080200043822 /* Build configuration list for PBXNativeTarget "JTRevealSidebarV2" */ = {
			isa = XCConfigurationList;
			buildConfigurations = (
				37E67F291591080200043822 /* Debug */,
				37E67F2A1591080200043822 /* Release */,
			);
			defaultConfigurationIsVisible = 0;
			defaultConfigurationName = Release;
		};
		37E67F3F159109C500043822 /* Build configuration list for PBXNativeTarget "JTRevealSidebar" */ = {
			isa = XCConfigurationList;
			buildConfigurations = (
				37E67F40159109C500043822 /* Debug */,
				37E67F41159109C500043822 /* Release */,
			);
			defaultConfigurationIsVisible = 0;
			defaultConfigurationName = Release;
		};
/* End XCConfigurationList section */
	};
	rootObject = 1AD4707814446391002EE1B0 /* Project object */;
}
